
Microsoft Visual Studio Solution File, Format Version 12.00
# Visual Studio Version 17
VisualStudioVersion = 17.11.35327.3
MinimumVisualStudioVersion = 10.0.40219.1
Project("{9A19103F-16F7-4668-BE54-9A1E7A4F7556}") = "API", "API\API.csproj", "{15E75128-8946-43F9-9D81-7513E71DE7ED}"
EndProject
Project("{9A19103F-16F7-4668-BE54-9A1E7A4F7556}") = "Integrations", "Integrations\Integrations.csproj", "{17321D89-2D95-41AC-8BF8-D4701C78DD36}"
EndProject
Project("{9A19103F-16F7-4668-BE54-9A1E7A4F7556}") = "ReadFacade", "ReadFacade\ReadFacade.csproj", "{452FE877-148D-4725-B3B0-FFE62D9E044F}"
EndProject
Project("{9A19103F-16F7-4668-BE54-9A1E7A4F7556}") = "WriteFacade", "WriteFacade\WriteFacade.csproj", "{7F3CD374-5679-4010-816A-2E25E1AD8FAD}"
EndProject
Project("{2150E333-8FDC-42A3-9474-1A3956D46DE8}") = "Application", "Application", "{B329ADAD-57A4-486A-BD25-327FCF2E6036}"
EndProject
Project("{2150E333-8FDC-42A3-9474-1A3956D46DE8}") = "Library", "Library", "{FC64A373-54B1-4F73-AD0D-3D5B514AB34D}"
EndProject
Project("{2150E333-8FDC-42A3-9474-1A3956D46DE8}") = "Write", "Write", "{6C117F6E-D063-4274-95EE-65DAA6187E53}"
EndProject
Project("{2150E333-8FDC-42A3-9474-1A3956D46DE8}") = "Read", "Read", "{A5D77509-F864-4FB9-A936-1A4F16D7CEA7}"
EndProject
Project("{2150E333-8FDC-42A3-9474-1A3956D46DE8}") = "Tests", "Tests", "{8707827F-F21E-40FF-9469-46B74B84BEA1}"
EndProject
Project("{9A19103F-16F7-4668-BE54-9A1E7A4F7556}") = "UnitTests", "UnitTests\UnitTests.csproj", "{0AC11FC0-AA86-4BDA-962A-0948B9C0E58E}"
EndProject
Project("{9A19103F-16F7-4668-BE54-9A1E7A4F7556}") = "IntegrationTests", "IntegrationTests\IntegrationTests.csproj", "{12E89AEE-702D-45A9-B1B9-E78D26A0D263}"
EndProject
Project("{FAE04EC0-301F-11D3-BF4B-00C04F79EFBC}") = "Common", "Common\Common.csproj", "{4169F4B3-6E26-419F-9D18-84B1ABCE3638}"
EndProject
Global
	GlobalSection(SolutionConfigurationPlatforms) = preSolution
		Debug|Any CPU = Debug|Any CPU
		Release|Any CPU = Release|Any CPU
	EndGlobalSection
	GlobalSection(ProjectConfigurationPlatforms) = postSolution
		{15E75128-8946-43F9-9D81-7513E71DE7ED}.Debug|Any CPU.ActiveCfg = Debug|Any CPU
		{15E75128-8946-43F9-9D81-7513E71DE7ED}.Debug|Any CPU.Build.0 = Debug|Any CPU
		{15E75128-8946-43F9-9D81-7513E71DE7ED}.Release|Any CPU.ActiveCfg = Release|Any CPU
		{15E75128-8946-43F9-9D81-7513E71DE7ED}.Release|Any CPU.Build.0 = Release|Any CPU
		{17321D89-2D95-41AC-8BF8-D4701C78DD36}.Debug|Any CPU.ActiveCfg = Debug|Any CPU
		{17321D89-2D95-41AC-8BF8-D4701C78DD36}.Debug|Any CPU.Build.0 = Debug|Any CPU
		{17321D89-2D95-41AC-8BF8-D4701C78DD36}.Release|Any CPU.ActiveCfg = Release|Any CPU
		{17321D89-2D95-41AC-8BF8-D4701C78DD36}.Release|Any CPU.Build.0 = Release|Any CPU
		{452FE877-148D-4725-B3B0-FFE62D9E044F}.Debug|Any CPU.ActiveCfg = Debug|Any CPU
		{452FE877-148D-4725-B3B0-FFE62D9E044F}.Debug|Any CPU.Build.0 = Debug|Any CPU
		{452FE877-148D-4725-B3B0-FFE62D9E044F}.Release|Any CPU.ActiveCfg = Release|Any CPU
		{452FE877-148D-4725-B3B0-FFE62D9E044F}.Release|Any CPU.Build.0 = Release|Any CPU
		{7F3CD374-5679-4010-816A-2E25E1AD8FAD}.Debug|Any CPU.ActiveCfg = Debug|Any CPU
		{7F3CD374-5679-4010-816A-2E25E1AD8FAD}.Debug|Any CPU.Build.0 = Debug|Any CPU
		{7F3CD374-5679-4010-816A-2E25E1AD8FAD}.Release|Any CPU.ActiveCfg = Release|Any CPU
		{7F3CD374-5679-4010-816A-2E25E1AD8FAD}.Release|Any CPU.Build.0 = Release|Any CPU
		{0AC11FC0-AA86-4BDA-962A-0948B9C0E58E}.Debug|Any CPU.ActiveCfg = Debug|Any CPU
		{0AC11FC0-AA86-4BDA-962A-0948B9C0E58E}.Debug|Any CPU.Build.0 = Debug|Any CPU
		{0AC11FC0-AA86-4BDA-962A-0948B9C0E58E}.Release|Any CPU.ActiveCfg = Release|Any CPU
		{0AC11FC0-AA86-4BDA-962A-0948B9C0E58E}.Release|Any CPU.Build.0 = Release|Any CPU
		{12E89AEE-702D-45A9-B1B9-E78D26A0D263}.Debug|Any CPU.ActiveCfg = Debug|Any CPU
		{12E89AEE-702D-45A9-B1B9-E78D26A0D263}.Debug|Any CPU.Build.0 = Debug|Any CPU
		{12E89AEE-702D-45A9-B1B9-E78D26A0D263}.Release|Any CPU.ActiveCfg = Release|Any CPU
		{12E89AEE-702D-45A9-B1B9-E78D26A0D263}.Release|Any CPU.Build.0 = Release|Any CPU
		{4169F4B3-6E26-419F-9D18-84B1ABCE3638}.Debug|Any CPU.ActiveCfg = Debug|Any CPU
		{4169F4B3-6E26-419F-9D18-84B1ABCE3638}.Debug|Any CPU.Build.0 = Debug|Any CPU
		{4169F4B3-6E26-419F-9D18-84B1ABCE3638}.Release|Any CPU.ActiveCfg = Release|Any CPU
		{4169F4B3-6E26-419F-9D18-84B1ABCE3638}.Release|Any CPU.Build.0 = Release|Any CPU
	EndGlobalSection
	GlobalSection(SolutionProperties) = preSolution
		HideSolutionNode = FALSE
	EndGlobalSection
	GlobalSection(NestedProjects) = preSolution
		{15E75128-8946-43F9-9D81-7513E71DE7ED} = {B329ADAD-57A4-486A-BD25-327FCF2E6036}
		{17321D89-2D95-41AC-8BF8-D4701C78DD36} = {FC64A373-54B1-4F73-AD0D-3D5B514AB34D}
		{452FE877-148D-4725-B3B0-FFE62D9E044F} = {A5D77509-F864-4FB9-A936-1A4F16D7CEA7}
		{7F3CD374-5679-4010-816A-2E25E1AD8FAD} = {6C117F6E-D063-4274-95EE-65DAA6187E53}
		{0AC11FC0-AA86-4BDA-962A-0948B9C0E58E} = {8707827F-F21E-40FF-9469-46B74B84BEA1}
		{12E89AEE-702D-45A9-B1B9-E78D26A0D263} = {8707827F-F21E-40FF-9469-46B74B84BEA1}
		{4169F4B3-6E26-419F-9D18-84B1ABCE3638} = {FC64A373-54B1-4F73-AD0D-3D5B514AB34D}
	EndGlobalSection
	GlobalSection(ExtensibilityGlobals) = postSolution
		SolutionGuid = {52A718B9-7F7F-4B42-B379-C6A9B0D03715}
	EndGlobalSection
EndGlobal
